
Microsoft Visual Studio Solution File, Format Version 12.00
# Visual Studio 2012
Project("{FAE04EC0-301F-11D3-BF4B-00C04F79EFBC}") = "XamarinTraining16Jan", "XamarinTraining16Jan\XamarinTraining16Jan.csproj", "{6B8D3782-422C-46DB-88F3-72A91B4C4A7E}"
EndProject
Project("{FAE04EC0-301F-11D3-BF4B-00C04F79EFBC}") = "XamarinTraining16Jan.iOS", "iOS\XamarinTraining16Jan.iOS.csproj", "{54EDC04F-8D6D-4A1F-B747-61FC4274CE49}"
EndProject
Project("{FAE04EC0-301F-11D3-BF4B-00C04F79EFBC}") = "UITest", "UITest\UITest.csproj", "{BD5C1E20-A616-45F7-AFFE-C1534D13FABF}"
EndProject
Global
	GlobalSection(SolutionConfigurationPlatforms) = preSolution
		Debug|Any CPU = Debug|Any CPU
		Release|Any CPU = Release|Any CPU
		Debug|iPhoneSimulator = Debug|iPhoneSimulator
		Release|iPhone = Release|iPhone
		Release|iPhoneSimulator = Release|iPhoneSimulator
		Debug|iPhone = Debug|iPhone
	EndGlobalSection
	GlobalSection(ProjectConfigurationPlatforms) = postSolution
		{6B8D3782-422C-46DB-88F3-72A91B4C4A7E}.Debug|Any CPU.ActiveCfg = Debug|Any CPU
		{6B8D3782-422C-46DB-88F3-72A91B4C4A7E}.Debug|Any CPU.Build.0 = Debug|Any CPU
		{6B8D3782-422C-46DB-88F3-72A91B4C4A7E}.Release|Any CPU.ActiveCfg = Release|Any CPU
		{6B8D3782-422C-46DB-88F3-72A91B4C4A7E}.Release|Any CPU.Build.0 = Release|Any CPU
		{6B8D3782-422C-46DB-88F3-72A91B4C4A7E}.Debug|iPhoneSimulator.ActiveCfg = Debug|Any CPU
		{6B8D3782-422C-46DB-88F3-72A91B4C4A7E}.Debug|iPhoneSimulator.Build.0 = Debug|Any CPU
		{6B8D3782-422C-46DB-88F3-72A91B4C4A7E}.Release|iPhone.ActiveCfg = Release|Any CPU
		{6B8D3782-422C-46DB-88F3-72A91B4C4A7E}.Release|iPhone.Build.0 = Release|Any CPU
		{6B8D3782-422C-46DB-88F3-72A91B4C4A7E}.Release|iPhoneSimulator.ActiveCfg = Release|Any CPU
		{6B8D3782-422C-46DB-88F3-72A91B4C4A7E}.Release|iPhoneSimulator.Build.0 = Release|Any CPU
		{6B8D3782-422C-46DB-88F3-72A91B4C4A7E}.Debug|iPhone.ActiveCfg = Debug|Any CPU
		{6B8D3782-422C-46DB-88F3-72A91B4C4A7E}.Debug|iPhone.Build.0 = Debug|Any CPU
		{54EDC04F-8D6D-4A1F-B747-61FC4274CE49}.Debug|Any CPU.ActiveCfg = Debug|iPhoneSimulator
		{54EDC04F-8D6D-4A1F-B747-61FC4274CE49}.Debug|Any CPU.Build.0 = Debug|iPhoneSimulator
		{54EDC04F-8D6D-4A1F-B747-61FC4274CE49}.Release|Any CPU.ActiveCfg = Release|iPhone
		{54EDC04F-8D6D-4A1F-B747-61FC4274CE49}.Release|Any CPU.Build.0 = Release|iPhone
		{54EDC04F-8D6D-4A1F-B747-61FC4274CE49}.Debug|iPhoneSimulator.ActiveCfg = Debug|iPhoneSimulator
		{54EDC04F-8D6D-4A1F-B747-61FC4274CE49}.Debug|iPhoneSimulator.Build.0 = Debug|iPhoneSimulator
		{54EDC04F-8D6D-4A1F-B747-61FC4274CE49}.Release|iPhone.ActiveCfg = Release|iPhone
		{54EDC04F-8D6D-4A1F-B747-61FC4274CE49}.Release|iPhone.Build.0 = Release|iPhone
		{54EDC04F-8D6D-4A1F-B747-61FC4274CE49}.Release|iPhoneSimulator.ActiveCfg = Release|iPhoneSimulator
		{54EDC04F-8D6D-4A1F-B747-61FC4274CE49}.Release|iPhoneSimulator.Build.0 = Release|iPhoneSimulator
		{54EDC04F-8D6D-4A1F-B747-61FC4274CE49}.Debug|iPhone.ActiveCfg = Debug|iPhone
		{54EDC04F-8D6D-4A1F-B747-61FC4274CE49}.Debug|iPhone.Build.0 = Debug|iPhone
		{BD5C1E20-A616-45F7-AFFE-C1534D13FABF}.Debug|Any CPU.ActiveCfg = Debug|Any CPU
		{BD5C1E20-A616-45F7-AFFE-C1534D13FABF}.Debug|Any CPU.Build.0 = Debug|Any CPU
		{BD5C1E20-A616-45F7-AFFE-C1534D13FABF}.Release|Any CPU.ActiveCfg = Release|Any CPU
		{BD5C1E20-A616-45F7-AFFE-C1534D13FABF}.Release|Any CPU.Build.0 = Release|Any CPU
		{BD5C1E20-A616-45F7-AFFE-C1534D13FABF}.Debug|iPhoneSimulator.ActiveCfg = Debug|Any CPU
		{BD5C1E20-A616-45F7-AFFE-C1534D13FABF}.Debug|iPhoneSimulator.Build.0 = Debug|Any CPU
		{BD5C1E20-A616-45F7-AFFE-C1534D13FABF}.Release|iPhone.ActiveCfg = Release|Any CPU
		{BD5C1E20-A616-45F7-AFFE-C1534D13FABF}.Release|iPhone.Build.0 = Release|Any CPU
		{BD5C1E20-A616-45F7-AFFE-C1534D13FABF}.Release|iPhoneSimulator.ActiveCfg = Release|Any CPU
		{BD5C1E20-A616-45F7-AFFE-C1534D13FABF}.Release|iPhoneSimulator.Build.0 = Release|Any CPU
		{BD5C1E20-A616-45F7-AFFE-C1534D13FABF}.Debug|iPhone.ActiveCfg = Debug|Any CPU
		{BD5C1E20-A616-45F7-AFFE-C1534D13FABF}.Debug|iPhone.Build.0 = Debug|Any CPU
	EndGlobalSection
EndGlobal
